// !$*UTF8*$!
{
	archiveVersion = 1;
	classes = {
	};
	objectVersion = 50;
	objects = {

/* Begin PBXBuildFile section */
		A09418C3227073C800D2202E /* Usabilla.framework in Frameworks */ = {isa = PBXBuildFile; fileRef = A09418B9227073C800D2202E /* Usabilla.framework */; };
		A09418C8227073C800D2202E /* UsabillaTests.swift in Sources */ = {isa = PBXBuildFile; fileRef = A09418C7227073C800D2202E /* UsabillaTests.swift */; };
		A09418CA227073C800D2202E /* Usabilla.h in Headers */ = {isa = PBXBuildFile; fileRef = A09418BC227073C800D2202E /* Usabilla.h */; settings = {ATTRIBUTES = (Public, ); }; };
		A094190F2270747300D2202E /* AppDelegate.swift in Sources */ = {isa = PBXBuildFile; fileRef = A094190E2270747300D2202E /* AppDelegate.swift */; };
		A09419112270747300D2202E /* ViewController.swift in Sources */ = {isa = PBXBuildFile; fileRef = A09419102270747300D2202E /* ViewController.swift */; };
		A09419142270747300D2202E /* Main.storyboard in Resources */ = {isa = PBXBuildFile; fileRef = A09419122270747300D2202E /* Main.storyboard */; };
		A09419162270747400D2202E /* Assets.xcassets in Resources */ = {isa = PBXBuildFile; fileRef = A09419152270747400D2202E /* Assets.xcassets */; };
		A09419192270747400D2202E /* LaunchScreen.storyboard in Resources */ = {isa = PBXBuildFile; fileRef = A09419172270747400D2202E /* LaunchScreen.storyboard */; };
		A0941921227075A500D2202E /* Usabilla.swift in Sources */ = {isa = PBXBuildFile; fileRef = A0941920227075A500D2202E /* Usabilla.swift */; };
		A09419242270B09900D2202E /* UIViewController+Child.swift in Sources */ = {isa = PBXBuildFile; fileRef = A09419232270B09900D2202E /* UIViewController+Child.swift */; };
		A09419272270B13A00D2202E /* UsabillaFormViewController.swift in Sources */ = {isa = PBXBuildFile; fileRef = A09419262270B13A00D2202E /* UsabillaFormViewController.swift */; };
		A09419282270BB5D00D2202E /* Usabilla.swift in Sources */ = {isa = PBXBuildFile; fileRef = A0941920227075A500D2202E /* Usabilla.swift */; };
		A09419292270C2BD00D2202E /* UIViewController+Child.swift in Sources */ = {isa = PBXBuildFile; fileRef = A09419232270B09900D2202E /* UIViewController+Child.swift */; };
		A094192A2270C3E700D2202E /* UsabillaFormViewController.swift in Sources */ = {isa = PBXBuildFile; fileRef = A09419262270B13A00D2202E /* UsabillaFormViewController.swift */; };
		A094192F2270C6DB00D2202E /* UsabillaFormView.swift in Sources */ = {isa = PBXBuildFile; fileRef = A094192E2270C6DB00D2202E /* UsabillaFormView.swift */; };
		A09419312270C76600D2202E /* UsabillaFormView.swift in Sources */ = {isa = PBXBuildFile; fileRef = A094192E2270C6DB00D2202E /* UsabillaFormView.swift */; };
		A09419352270C88600D2202E /* UsabillaFormDelegate.swift in Sources */ = {isa = PBXBuildFile; fileRef = A09419342270C88600D2202E /* UsabillaFormDelegate.swift */; };
		A09419362270C8A400D2202E /* UsabillaFormDelegate.swift in Sources */ = {isa = PBXBuildFile; fileRef = A09419342270C88600D2202E /* UsabillaFormDelegate.swift */; };
		A09419562270CF3100D2202E /* UsabillaForm.swift in Sources */ = {isa = PBXBuildFile; fileRef = A09419552270CF3100D2202E /* UsabillaForm.swift */; };
		A09419572270CFA200D2202E /* UsabillaForm.swift in Sources */ = {isa = PBXBuildFile; fileRef = A09419552270CF3100D2202E /* UsabillaForm.swift */; };
		A094195D2270D06600D2202E /* UsabillaFeedBackView.swift in Sources */ = {isa = PBXBuildFile; fileRef = A094195C2270D06600D2202E /* UsabillaFeedBackView.swift */; };
		A094195F2270D09100D2202E /* UsabillaRatingView.swift in Sources */ = {isa = PBXBuildFile; fileRef = A094195E2270D09100D2202E /* UsabillaRatingView.swift */; };
		A09419602270D0B300D2202E /* UsabillaRatingView.swift in Sources */ = {isa = PBXBuildFile; fileRef = A094195E2270D09100D2202E /* UsabillaRatingView.swift */; };
		A09419612270D0B800D2202E /* UsabillaFeedBackView.swift in Sources */ = {isa = PBXBuildFile; fileRef = A094195C2270D06600D2202E /* UsabillaFeedBackView.swift */; };
		A094196322718E9E00D2202E /* UsabillaTextView.swift in Sources */ = {isa = PBXBuildFile; fileRef = A094196222718E9E00D2202E /* UsabillaTextView.swift */; };
		A094196422718F3400D2202E /* UsabillaTextView.swift in Sources */ = {isa = PBXBuildFile; fileRef = A094196222718E9E00D2202E /* UsabillaTextView.swift */; };
		A0941966227196F800D2202E /* UsabillaFormResultDelegate.swift in Sources */ = {isa = PBXBuildFile; fileRef = A0941965227196F800D2202E /* UsabillaFormResultDelegate.swift */; };
		A0941967227196FC00D2202E /* UsabillaFormResultDelegate.swift in Sources */ = {isa = PBXBuildFile; fileRef = A0941965227196F800D2202E /* UsabillaFormResultDelegate.swift */; };
		A0CC17F22276D62300A7189F /* star_not_filled.png in Resources */ = {isa = PBXBuildFile; fileRef = A0CC17F02276D62200A7189F /* star_not_filled.png */; };
		A0CC17F32276D62300A7189F /* star_filled.png in Resources */ = {isa = PBXBuildFile; fileRef = A0CC17F12276D62200A7189F /* star_filled.png */; };
		A0CC17F42276D71600A7189F /* star_filled.png in Resources */ = {isa = PBXBuildFile; fileRef = A0CC17F12276D62200A7189F /* star_filled.png */; };
		A0CC17F52276D71600A7189F /* star_not_filled.png in Resources */ = {isa = PBXBuildFile; fileRef = A0CC17F02276D62200A7189F /* star_not_filled.png */; };
		A0CC17F922781EB200A7189F /* UsabillaConstants.swift in Sources */ = {isa = PBXBuildFile; fileRef = A0CC17F822781EB200A7189F /* UsabillaConstants.swift */; };
		A0CC17FA22781EE700A7189F /* UsabillaConstants.swift in Sources */ = {isa = PBXBuildFile; fileRef = A0CC17F822781EB200A7189F /* UsabillaConstants.swift */; };
		A0CC17FC2278806600A7189F /* UsabillaSurveyViewController.swift in Sources */ = {isa = PBXBuildFile; fileRef = A0CC17FB2278806600A7189F /* UsabillaSurveyViewController.swift */; };
		A0CC17FD2278806800A7189F /* UsabillaSurveyViewController.swift in Sources */ = {isa = PBXBuildFile; fileRef = A0CC17FB2278806600A7189F /* UsabillaSurveyViewController.swift */; };
		A0CC17FF2278813C00A7189F /* UIViewController+Layout.swift in Sources */ = {isa = PBXBuildFile; fileRef = A0CC17FE2278813C00A7189F /* UIViewController+Layout.swift */; };
		A0CC1804227881FD00A7189F /* UsabillaSurveyTableViewCell.swift in Sources */ = {isa = PBXBuildFile; fileRef = A0CC1803227881FD00A7189F /* UsabillaSurveyTableViewCell.swift */; };
		A0CC18062278824C00A7189F /* UIViewController+Layout.swift in Sources */ = {isa = PBXBuildFile; fileRef = A0CC17FE2278813C00A7189F /* UIViewController+Layout.swift */; };
		A0CC18072278824F00A7189F /* UsabillaSurveyTableViewCell.swift in Sources */ = {isa = PBXBuildFile; fileRef = A0CC1803227881FD00A7189F /* UsabillaSurveyTableViewCell.swift */; };
		A0CC180B2278829A00A7189F /* UsabillaSurveyViewControllerDataSource.swift in Sources */ = {isa = PBXBuildFile; fileRef = A0CC180A2278829A00A7189F /* UsabillaSurveyViewControllerDataSource.swift */; };
		A0CC180C227884BE00A7189F /* UsabillaSurveyViewControllerDataSource.swift in Sources */ = {isa = PBXBuildFile; fileRef = A0CC180A2278829A00A7189F /* UsabillaSurveyViewControllerDataSource.swift */; };
		A0CC180F22788FCF00A7189F /* UsabillaSurveyRatingCollectionViewCell.swift in Sources */ = {isa = PBXBuildFile; fileRef = A0CC180E22788FCF00A7189F /* UsabillaSurveyRatingCollectionViewCell.swift */; };
		A0CC181022788FEE00A7189F /* UsabillaSurveyRatingCollectionViewCell.swift in Sources */ = {isa = PBXBuildFile; fileRef = A0CC180E22788FCF00A7189F /* UsabillaSurveyRatingCollectionViewCell.swift */; };
/* End PBXBuildFile section */

/* Begin PBXContainerItemProxy section */
		A09418C4227073C800D2202E /* PBXContainerItemProxy */ = {
			isa = PBXContainerItemProxy;
			containerPortal = A09418B0227073C800D2202E /* Project object */;
			proxyType = 1;
			remoteGlobalIDString = A09418B8227073C800D2202E;
			remoteInfo = Usabilla;
		};
/* End PBXContainerItemProxy section */

/* Begin PBXFileReference section */
		A09418B9227073C800D2202E /* Usabilla.framework */ = {isa = PBXFileReference; explicitFileType = wrapper.framework; includeInIndex = 0; path = Usabilla.framework; sourceTree = BUILT_PRODUCTS_DIR; };
		A09418BC227073C800D2202E /* Usabilla.h */ = {isa = PBXFileReference; lastKnownFileType = sourcecode.c.h; path = Usabilla.h; sourceTree = "<group>"; };
		A09418BD227073C800D2202E /* Info.plist */ = {isa = PBXFileReference; lastKnownFileType = text.plist.xml; path = Info.plist; sourceTree = "<group>"; };
		A09418C2227073C800D2202E /* UsabillaTests.xctest */ = {isa = PBXFileReference; explicitFileType = wrapper.cfbundle; includeInIndex = 0; path = UsabillaTests.xctest; sourceTree = BUILT_PRODUCTS_DIR; };
		A09418C7227073C800D2202E /* UsabillaTests.swift */ = {isa = PBXFileReference; lastKnownFileType = sourcecode.swift; path = UsabillaTests.swift; sourceTree = "<group>"; };
		A09418C9227073C800D2202E /* Info.plist */ = {isa = PBXFileReference; lastKnownFileType = text.plist.xml; path = Info.plist; sourceTree = "<group>"; };
		A094190C2270747300D2202E /* UsabillaExamples.app */ = {isa = PBXFileReference; explicitFileType = wrapper.application; includeInIndex = 0; path = UsabillaExamples.app; sourceTree = BUILT_PRODUCTS_DIR; };
		A094190E2270747300D2202E /* AppDelegate.swift */ = {isa = PBXFileReference; lastKnownFileType = sourcecode.swift; path = AppDelegate.swift; sourceTree = "<group>"; };
		A09419102270747300D2202E /* ViewController.swift */ = {isa = PBXFileReference; lastKnownFileType = sourcecode.swift; path = ViewController.swift; sourceTree = "<group>"; };
		A09419132270747300D2202E /* Base */ = {isa = PBXFileReference; lastKnownFileType = file.storyboard; name = Base; path = Base.lproj/Main.storyboard; sourceTree = "<group>"; };
		A09419152270747400D2202E /* Assets.xcassets */ = {isa = PBXFileReference; lastKnownFileType = folder.assetcatalog; path = Assets.xcassets; sourceTree = "<group>"; };
		A09419182270747400D2202E /* Base */ = {isa = PBXFileReference; lastKnownFileType = file.storyboard; name = Base; path = Base.lproj/LaunchScreen.storyboard; sourceTree = "<group>"; };
		A094191A2270747400D2202E /* Info.plist */ = {isa = PBXFileReference; lastKnownFileType = text.plist.xml; path = Info.plist; sourceTree = "<group>"; };
		A0941920227075A500D2202E /* Usabilla.swift */ = {isa = PBXFileReference; lastKnownFileType = sourcecode.swift; path = Usabilla.swift; sourceTree = "<group>"; };
		A09419232270B09900D2202E /* UIViewController+Child.swift */ = {isa = PBXFileReference; lastKnownFileType = sourcecode.swift; path = "UIViewController+Child.swift"; sourceTree = "<group>"; };
		A09419262270B13A00D2202E /* UsabillaFormViewController.swift */ = {isa = PBXFileReference; lastKnownFileType = sourcecode.swift; path = UsabillaFormViewController.swift; sourceTree = "<group>"; };
		A094192E2270C6DB00D2202E /* UsabillaFormView.swift */ = {isa = PBXFileReference; lastKnownFileType = sourcecode.swift; path = UsabillaFormView.swift; sourceTree = "<group>"; };
		A09419342270C88600D2202E /* UsabillaFormDelegate.swift */ = {isa = PBXFileReference; lastKnownFileType = sourcecode.swift; path = UsabillaFormDelegate.swift; sourceTree = "<group>"; };
		A09419552270CF3100D2202E /* UsabillaForm.swift */ = {isa = PBXFileReference; lastKnownFileType = sourcecode.swift; path = UsabillaForm.swift; sourceTree = "<group>"; };
		A094195C2270D06600D2202E /* UsabillaFeedBackView.swift */ = {isa = PBXFileReference; lastKnownFileType = sourcecode.swift; path = UsabillaFeedBackView.swift; sourceTree = "<group>"; };
		A094195E2270D09100D2202E /* UsabillaRatingView.swift */ = {isa = PBXFileReference; lastKnownFileType = sourcecode.swift; path = UsabillaRatingView.swift; sourceTree = "<group>"; };
		A094196222718E9E00D2202E /* UsabillaTextView.swift */ = {isa = PBXFileReference; lastKnownFileType = sourcecode.swift; path = UsabillaTextView.swift; sourceTree = "<group>"; };
		A0941965227196F800D2202E /* UsabillaFormResultDelegate.swift */ = {isa = PBXFileReference; lastKnownFileType = sourcecode.swift; path = UsabillaFormResultDelegate.swift; sourceTree = "<group>"; };
		A0CC17F02276D62200A7189F /* star_not_filled.png */ = {isa = PBXFileReference; lastKnownFileType = image.png; path = star_not_filled.png; sourceTree = "<group>"; };
		A0CC17F12276D62200A7189F /* star_filled.png */ = {isa = PBXFileReference; lastKnownFileType = image.png; path = star_filled.png; sourceTree = "<group>"; };
		A0CC17F822781EB200A7189F /* UsabillaConstants.swift */ = {isa = PBXFileReference; lastKnownFileType = sourcecode.swift; path = UsabillaConstants.swift; sourceTree = "<group>"; };
		A0CC17FB2278806600A7189F /* UsabillaSurveyViewController.swift */ = {isa = PBXFileReference; lastKnownFileType = sourcecode.swift; path = UsabillaSurveyViewController.swift; sourceTree = "<group>"; };
		A0CC17FE2278813C00A7189F /* UIViewController+Layout.swift */ = {isa = PBXFileReference; lastKnownFileType = sourcecode.swift; path = "UIViewController+Layout.swift"; sourceTree = "<group>"; };
		A0CC1803227881FD00A7189F /* UsabillaSurveyTableViewCell.swift */ = {isa = PBXFileReference; lastKnownFileType = sourcecode.swift; path = UsabillaSurveyTableViewCell.swift; sourceTree = "<group>"; };
		A0CC180A2278829A00A7189F /* UsabillaSurveyViewControllerDataSource.swift */ = {isa = PBXFileReference; lastKnownFileType = sourcecode.swift; path = UsabillaSurveyViewControllerDataSource.swift; sourceTree = "<group>"; };
		A0CC180E22788FCF00A7189F /* UsabillaSurveyRatingCollectionViewCell.swift */ = {isa = PBXFileReference; lastKnownFileType = sourcecode.swift; path = UsabillaSurveyRatingCollectionViewCell.swift; sourceTree = "<group>"; };
/* End PBXFileReference section */

/* Begin PBXFrameworksBuildPhase section */
		A09418B6227073C800D2202E /* Frameworks */ = {
			isa = PBXFrameworksBuildPhase;
			buildActionMask = 2147483647;
			files = (
			);
			runOnlyForDeploymentPostprocessing = 0;
		};
		A09418BF227073C800D2202E /* Frameworks */ = {
			isa = PBXFrameworksBuildPhase;
			buildActionMask = 2147483647;
			files = (
				A09418C3227073C800D2202E /* Usabilla.framework in Frameworks */,
			);
			runOnlyForDeploymentPostprocessing = 0;
		};
		A09419092270747300D2202E /* Frameworks */ = {
			isa = PBXFrameworksBuildPhase;
			buildActionMask = 2147483647;
			files = (
			);
			runOnlyForDeploymentPostprocessing = 0;
		};
/* End PBXFrameworksBuildPhase section */

/* Begin PBXGroup section */
		A09418AF227073C800D2202E = {
			isa = PBXGroup;
			children = (
				A09418BB227073C800D2202E /* Usabilla */,
				A09418C6227073C800D2202E /* UsabillaTests */,
				A094190D2270747300D2202E /* UsabillaExamples */,
				A09418BA227073C800D2202E /* Products */,
			);
			sourceTree = "<group>";
		};
		A09418BA227073C800D2202E /* Products */ = {
			isa = PBXGroup;
			children = (
				A09418B9227073C800D2202E /* Usabilla.framework */,
				A09418C2227073C800D2202E /* UsabillaTests.xctest */,
				A094190C2270747300D2202E /* UsabillaExamples.app */,
			);
			name = Products;
			sourceTree = "<group>";
		};
		A09418BB227073C800D2202E /* Usabilla */ = {
			isa = PBXGroup;
			children = (
				A0CC17ED2276D5E900A7189F /* Resources */,
				A09419252270B12D00D2202E /* Source */,
				A09419222270B07300D2202E /* Extensions */,
				A09418BC227073C800D2202E /* Usabilla.h */,
				A09418BD227073C800D2202E /* Info.plist */,
			);
			path = Usabilla;
			sourceTree = "<group>";
		};
		A09418C6227073C800D2202E /* UsabillaTests */ = {
			isa = PBXGroup;
			children = (
				A09418C7227073C800D2202E /* UsabillaTests.swift */,
				A09418C9227073C800D2202E /* Info.plist */,
			);
			path = UsabillaTests;
			sourceTree = "<group>";
		};
		A094190D2270747300D2202E /* UsabillaExamples */ = {
			isa = PBXGroup;
			children = (
				A094190E2270747300D2202E /* AppDelegate.swift */,
				A09419102270747300D2202E /* ViewController.swift */,
				A09419122270747300D2202E /* Main.storyboard */,
				A09419152270747400D2202E /* Assets.xcassets */,
				A09419172270747400D2202E /* LaunchScreen.storyboard */,
				A094191A2270747400D2202E /* Info.plist */,
			);
			path = UsabillaExamples;
			sourceTree = "<group>";
		};
		A09419222270B07300D2202E /* Extensions */ = {
			isa = PBXGroup;
			children = (
				A09419232270B09900D2202E /* UIViewController+Child.swift */,
			);
			path = Extensions;
			sourceTree = "<group>";
		};
		A09419252270B12D00D2202E /* Source */ = {
			isa = PBXGroup;
			children = (
				A0CC18002278814000A7189F /* Extensions */,
				A0CC17F722781EA300A7189F /* Constants */,
				A09419592270D03600D2202E /* Models */,
				A09419332270C87A00D2202E /* Protocols */,
				A09419322270C86400D2202E /* Controllers */,
				A094192D2270C6CD00D2202E /* Views */,
			);
			path = Source;
			sourceTree = "<group>";
		};
		A094192D2270C6CD00D2202E /* Views */ = {
			isa = PBXGroup;
			children = (
				A0CC180D22788FB000A7189F /* CollectionViewCell */,
				A0CC1802227881E900A7189F /* TableViewCells */,
				A09419682271E70D00D2202E /* FormViews */,
				A094192E2270C6DB00D2202E /* UsabillaFormView.swift */,
			);
			path = Views;
			sourceTree = "<group>";
		};
		A09419322270C86400D2202E /* Controllers */ = {
			isa = PBXGroup;
			children = (
				A0CC18092278827E00A7189F /* UsabillaFormViewController */,
				A0CC18082278826D00A7189F /* UsabillaSurveyViewController */,
				A0941920227075A500D2202E /* Usabilla.swift */,
			);
			path = Controllers;
			sourceTree = "<group>";
		};
		A09419332270C87A00D2202E /* Protocols */ = {
			isa = PBXGroup;
			children = (
				A09419342270C88600D2202E /* UsabillaFormDelegate.swift */,
				A0941965227196F800D2202E /* UsabillaFormResultDelegate.swift */,
			);
			path = Protocols;
			sourceTree = "<group>";
		};
		A09419592270D03600D2202E /* Models */ = {
			isa = PBXGroup;
			children = (
				A09419552270CF3100D2202E /* UsabillaForm.swift */,
			);
			path = Models;
			sourceTree = "<group>";
		};
		A09419682271E70D00D2202E /* FormViews */ = {
			isa = PBXGroup;
			children = (
				A09419692271E71E00D2202E /* Subviews */,
				A094195E2270D09100D2202E /* UsabillaRatingView.swift */,
				A094195C2270D06600D2202E /* UsabillaFeedBackView.swift */,
			);
			path = FormViews;
			sourceTree = "<group>";
		};
		A09419692271E71E00D2202E /* Subviews */ = {
			isa = PBXGroup;
			children = (
				A094196222718E9E00D2202E /* UsabillaTextView.swift */,
			);
			path = Subviews;
			sourceTree = "<group>";
		};
		A0CC17ED2276D5E900A7189F /* Resources */ = {
			isa = PBXGroup;
			children = (
				A0CC17F12276D62200A7189F /* star_filled.png */,
				A0CC17F02276D62200A7189F /* star_not_filled.png */,
			);
			path = Resources;
			sourceTree = "<group>";
		};
		A0CC17F722781EA300A7189F /* Constants */ = {
			isa = PBXGroup;
			children = (
				A0CC17F822781EB200A7189F /* UsabillaConstants.swift */,
			);
			path = Constants;
			sourceTree = "<group>";
		};
		A0CC18002278814000A7189F /* Extensions */ = {
			isa = PBXGroup;
			children = (
				A0CC17FE2278813C00A7189F /* UIViewController+Layout.swift */,
			);
			path = Extensions;
			sourceTree = "<group>";
		};
		A0CC1802227881E900A7189F /* TableViewCells */ = {
			isa = PBXGroup;
			children = (
				A0CC1803227881FD00A7189F /* UsabillaSurveyTableViewCell.swift */,
			);
			path = TableViewCells;
			sourceTree = "<group>";
		};
		A0CC18082278826D00A7189F /* UsabillaSurveyViewController */ = {
			isa = PBXGroup;
			children = (
				A0CC17FB2278806600A7189F /* UsabillaSurveyViewController.swift */,
				A0CC180A2278829A00A7189F /* UsabillaSurveyViewControllerDataSource.swift */,
			);
			path = UsabillaSurveyViewController;
			sourceTree = "<group>";
		};
		A0CC18092278827E00A7189F /* UsabillaFormViewController */ = {
			isa = PBXGroup;
			children = (
				A09419262270B13A00D2202E /* UsabillaFormViewController.swift */,
			);
			path = UsabillaFormViewController;
			sourceTree = "<group>";
		};
		A0CC180D22788FB000A7189F /* CollectionViewCell */ = {
			isa = PBXGroup;
			children = (
				A0CC180E22788FCF00A7189F /* UsabillaSurveyRatingCollectionViewCell.swift */,
			);
			path = CollectionViewCell;
			sourceTree = "<group>";
		};
/* End PBXGroup section */

/* Begin PBXHeadersBuildPhase section */
		A09418B4227073C800D2202E /* Headers */ = {
			isa = PBXHeadersBuildPhase;
			buildActionMask = 2147483647;
			files = (
				A09418CA227073C800D2202E /* Usabilla.h in Headers */,
			);
			runOnlyForDeploymentPostprocessing = 0;
		};
/* End PBXHeadersBuildPhase section */

/* Begin PBXNativeTarget section */
		A09418B8227073C800D2202E /* Usabilla */ = {
			isa = PBXNativeTarget;
			buildConfigurationList = A09418CD227073C800D2202E /* Build configuration list for PBXNativeTarget "Usabilla" */;
			buildPhases = (
				A09418B4227073C800D2202E /* Headers */,
				A09418B5227073C800D2202E /* Sources */,
				A09418B6227073C800D2202E /* Frameworks */,
				A09418B7227073C800D2202E /* Resources */,
			);
			buildRules = (
			);
			dependencies = (
			);
			name = Usabilla;
			productName = Usabilla;
			productReference = A09418B9227073C800D2202E /* Usabilla.framework */;
			productType = "com.apple.product-type.framework";
		};
		A09418C1227073C800D2202E /* UsabillaTests */ = {
			isa = PBXNativeTarget;
			buildConfigurationList = A09418D0227073C800D2202E /* Build configuration list for PBXNativeTarget "UsabillaTests" */;
			buildPhases = (
				A09418BE227073C800D2202E /* Sources */,
				A09418BF227073C800D2202E /* Frameworks */,
				A09418C0227073C800D2202E /* Resources */,
			);
			buildRules = (
			);
			dependencies = (
				A09418C5227073C800D2202E /* PBXTargetDependency */,
			);
			name = UsabillaTests;
			productName = UsabillaTests;
			productReference = A09418C2227073C800D2202E /* UsabillaTests.xctest */;
			productType = "com.apple.product-type.bundle.unit-test";
		};
		A094190B2270747300D2202E /* UsabillaExamples */ = {
			isa = PBXNativeTarget;
			buildConfigurationList = A094191B2270747400D2202E /* Build configuration list for PBXNativeTarget "UsabillaExamples" */;
			buildPhases = (
				A09419082270747300D2202E /* Sources */,
				A09419092270747300D2202E /* Frameworks */,
				A094190A2270747300D2202E /* Resources */,
			);
			buildRules = (
			);
			dependencies = (
			);
			name = UsabillaExamples;
			productName = UsabillaExamples;
			productReference = A094190C2270747300D2202E /* UsabillaExamples.app */;
			productType = "com.apple.product-type.application";
		};
/* End PBXNativeTarget section */

/* Begin PBXProject section */
		A09418B0227073C800D2202E /* Project object */ = {
			isa = PBXProject;
			attributes = {
				LastSwiftUpdateCheck = 1020;
				LastUpgradeCheck = 1020;
				ORGANIZATIONNAME = "KUTAN ÇINGISIZ";
				TargetAttributes = {
					A09418B8227073C800D2202E = {
						CreatedOnToolsVersion = 10.2;
						LastSwiftMigration = 1020;
					};
					A09418C1227073C800D2202E = {
						CreatedOnToolsVersion = 10.2;
					};
					A094190B2270747300D2202E = {
						CreatedOnToolsVersion = 10.2;
					};
				};
			};
			buildConfigurationList = A09418B3227073C800D2202E /* Build configuration list for PBXProject "Usabilla" */;
			compatibilityVersion = "Xcode 9.3";
			developmentRegion = en;
			hasScannedForEncodings = 0;
			knownRegions = (
				en,
				Base,
			);
			mainGroup = A09418AF227073C800D2202E;
			productRefGroup = A09418BA227073C800D2202E /* Products */;
			projectDirPath = "";
			projectRoot = "";
			targets = (
				A09418B8227073C800D2202E /* Usabilla */,
				A09418C1227073C800D2202E /* UsabillaTests */,
				A094190B2270747300D2202E /* UsabillaExamples */,
			);
		};
/* End PBXProject section */

/* Begin PBXResourcesBuildPhase section */
		A09418B7227073C800D2202E /* Resources */ = {
			isa = PBXResourcesBuildPhase;
			buildActionMask = 2147483647;
			files = (
				A0CC17F22276D62300A7189F /* star_not_filled.png in Resources */,
				A0CC17F32276D62300A7189F /* star_filled.png in Resources */,
			);
			runOnlyForDeploymentPostprocessing = 0;
		};
		A09418C0227073C800D2202E /* Resources */ = {
			isa = PBXResourcesBuildPhase;
			buildActionMask = 2147483647;
			files = (
			);
			runOnlyForDeploymentPostprocessing = 0;
		};
		A094190A2270747300D2202E /* Resources */ = {
			isa = PBXResourcesBuildPhase;
			buildActionMask = 2147483647;
			files = (
				A09419192270747400D2202E /* LaunchScreen.storyboard in Resources */,
				A0CC17F52276D71600A7189F /* star_not_filled.png in Resources */,
				A09419162270747400D2202E /* Assets.xcassets in Resources */,
				A09419142270747300D2202E /* Main.storyboard in Resources */,
				A0CC17F42276D71600A7189F /* star_filled.png in Resources */,
			);
			runOnlyForDeploymentPostprocessing = 0;
		};
/* End PBXResourcesBuildPhase section */

/* Begin PBXSourcesBuildPhase section */
		A09418B5227073C800D2202E /* Sources */ = {
			isa = PBXSourcesBuildPhase;
			buildActionMask = 2147483647;
			files = (
				A094195F2270D09100D2202E /* UsabillaRatingView.swift in Sources */,
				A0941921227075A500D2202E /* Usabilla.swift in Sources */,
				A094196322718E9E00D2202E /* UsabillaTextView.swift in Sources */,
				A09419352270C88600D2202E /* UsabillaFormDelegate.swift in Sources */,
				A09419562270CF3100D2202E /* UsabillaForm.swift in Sources */,
				A0CC1804227881FD00A7189F /* UsabillaSurveyTableViewCell.swift in Sources */,
				A0CC180B2278829A00A7189F /* UsabillaSurveyViewControllerDataSource.swift in Sources */,
				A094192F2270C6DB00D2202E /* UsabillaFormView.swift in Sources */,
				A0941966227196F800D2202E /* UsabillaFormResultDelegate.swift in Sources */,
				A09419272270B13A00D2202E /* UsabillaFormViewController.swift in Sources */,
				A0CC17FF2278813C00A7189F /* UIViewController+Layout.swift in Sources */,
				A0CC17F922781EB200A7189F /* UsabillaConstants.swift in Sources */,
				A09419242270B09900D2202E /* UIViewController+Child.swift in Sources */,
				A094195D2270D06600D2202E /* UsabillaFeedBackView.swift in Sources */,
				A0CC180F22788FCF00A7189F /* UsabillaSurveyRatingCollectionViewCell.swift in Sources */,
				A0CC17FC2278806600A7189F /* UsabillaSurveyViewController.swift in Sources */,
			);
			runOnlyForDeploymentPostprocessing = 0;
		};
		A09418BE227073C800D2202E /* Sources */ = {
			isa = PBXSourcesBuildPhase;
			buildActionMask = 2147483647;
			files = (
				A09418C8227073C800D2202E /* UsabillaTests.swift in Sources */,
			);
			runOnlyForDeploymentPostprocessing = 0;
		};
		A09419082270747300D2202E /* Sources */ = {
			isa = PBXSourcesBuildPhase;
			buildActionMask = 2147483647;
			files = (
				A0941967227196FC00D2202E /* UsabillaFormResultDelegate.swift in Sources */,
				A0CC17FD2278806800A7189F /* UsabillaSurveyViewController.swift in Sources */,
				A09419602270D0B300D2202E /* UsabillaRatingView.swift in Sources */,
				A0CC18072278824F00A7189F /* UsabillaSurveyTableViewCell.swift in Sources */,
				A094192A2270C3E700D2202E /* UsabillaFormViewController.swift in Sources */,
				A09419282270BB5D00D2202E /* Usabilla.swift in Sources */,
				A09419112270747300D2202E /* ViewController.swift in Sources */,
				A094190F2270747300D2202E /* AppDelegate.swift in Sources */,
				A094196422718F3400D2202E /* UsabillaTextView.swift in Sources */,
				A09419292270C2BD00D2202E /* UIViewController+Child.swift in Sources */,
				A09419362270C8A400D2202E /* UsabillaFormDelegate.swift in Sources */,
				A0CC18062278824C00A7189F /* UIViewController+Layout.swift in Sources */,
				A09419572270CFA200D2202E /* UsabillaForm.swift in Sources */,
				A0CC180C227884BE00A7189F /* UsabillaSurveyViewControllerDataSource.swift in Sources */,
				A09419612270D0B800D2202E /* UsabillaFeedBackView.swift in Sources */,
				A0CC17FA22781EE700A7189F /* UsabillaConstants.swift in Sources */,
				A0CC181022788FEE00A7189F /* UsabillaSurveyRatingCollectionViewCell.swift in Sources */,
				A09419312270C76600D2202E /* UsabillaFormView.swift in Sources */,
			);
			runOnlyForDeploymentPostprocessing = 0;
		};
/* End PBXSourcesBuildPhase section */

/* Begin PBXTargetDependency section */
		A09418C5227073C800D2202E /* PBXTargetDependency */ = {
			isa = PBXTargetDependency;
			target = A09418B8227073C800D2202E /* Usabilla */;
			targetProxy = A09418C4227073C800D2202E /* PBXContainerItemProxy */;
		};
/* End PBXTargetDependency section */

/* Begin PBXVariantGroup section */
		A09419122270747300D2202E /* Main.storyboard */ = {
			isa = PBXVariantGroup;
			children = (
				A09419132270747300D2202E /* Base */,
			);
			name = Main.storyboard;
			sourceTree = "<group>";
		};
		A09419172270747400D2202E /* LaunchScreen.storyboard */ = {
			isa = PBXVariantGroup;
			children = (
				A09419182270747400D2202E /* Base */,
			);
			name = LaunchScreen.storyboard;
			sourceTree = "<group>";
		};
/* End PBXVariantGroup section */

/* Begin XCBuildConfiguration section */
		A09418CB227073C800D2202E /* Debug */ = {
			isa = XCBuildConfiguration;
			buildSettings = {
				ALWAYS_SEARCH_USER_PATHS = NO;
				CLANG_ANALYZER_NONNULL = YES;
				CLANG_ANALYZER_NUMBER_OBJECT_CONVERSION = YES_AGGRESSIVE;
				CLANG_CXX_LANGUAGE_STANDARD = "gnu++14";
				CLANG_CXX_LIBRARY = "libc++";
				CLANG_ENABLE_MODULES = YES;
				CLANG_ENABLE_OBJC_ARC = YES;
				CLANG_ENABLE_OBJC_WEAK = YES;
				CLANG_WARN_BLOCK_CAPTURE_AUTORELEASING = YES;
				CLANG_WARN_BOOL_CONVERSION = YES;
				CLANG_WARN_COMMA = YES;
				CLANG_WARN_CONSTANT_CONVERSION = YES;
				CLANG_WARN_DEPRECATED_OBJC_IMPLEMENTATIONS = YES;
				CLANG_WARN_DIRECT_OBJC_ISA_USAGE = YES_ERROR;
				CLANG_WARN_DOCUMENTATION_COMMENTS = YES;
				CLANG_WARN_EMPTY_BODY = YES;
				CLANG_WARN_ENUM_CONVERSION = YES;
				CLANG_WARN_INFINITE_RECURSION = YES;
				CLANG_WARN_INT_CONVERSION = YES;
				CLANG_WARN_NON_LITERAL_NULL_CONVERSION = YES;
				CLANG_WARN_OBJC_IMPLICIT_RETAIN_SELF = YES;
				CLANG_WARN_OBJC_LITERAL_CONVERSION = YES;
				CLANG_WARN_OBJC_ROOT_CLASS = YES_ERROR;
				CLANG_WARN_RANGE_LOOP_ANALYSIS = YES;
				CLANG_WARN_STRICT_PROTOTYPES = YES;
				CLANG_WARN_SUSPICIOUS_MOVE = YES;
				CLANG_WARN_UNGUARDED_AVAILABILITY = YES_AGGRESSIVE;
				CLANG_WARN_UNREACHABLE_CODE = YES;
				CLANG_WARN__DUPLICATE_METHOD_MATCH = YES;
				CODE_SIGN_IDENTITY = "iPhone Developer";
				COPY_PHASE_STRIP = NO;
				CURRENT_PROJECT_VERSION = 1;
				DEBUG_INFORMATION_FORMAT = dwarf;
				ENABLE_STRICT_OBJC_MSGSEND = YES;
				ENABLE_TESTABILITY = YES;
				GCC_C_LANGUAGE_STANDARD = gnu11;
				GCC_DYNAMIC_NO_PIC = NO;
				GCC_NO_COMMON_BLOCKS = YES;
				GCC_OPTIMIZATION_LEVEL = 0;
				GCC_PREPROCESSOR_DEFINITIONS = (
					"DEBUG=1",
					"$(inherited)",
				);
				GCC_WARN_64_TO_32_BIT_CONVERSION = YES;
				GCC_WARN_ABOUT_RETURN_TYPE = YES_ERROR;
				GCC_WARN_UNDECLARED_SELECTOR = YES;
				GCC_WARN_UNINITIALIZED_AUTOS = YES_AGGRESSIVE;
				GCC_WARN_UNUSED_FUNCTION = YES;
				GCC_WARN_UNUSED_VARIABLE = YES;
				IPHONEOS_DEPLOYMENT_TARGET = 12.2;
				MTL_ENABLE_DEBUG_INFO = INCLUDE_SOURCE;
				MTL_FAST_MATH = YES;
				ONLY_ACTIVE_ARCH = YES;
				SDKROOT = iphoneos;
				SWIFT_ACTIVE_COMPILATION_CONDITIONS = DEBUG;
				SWIFT_OPTIMIZATION_LEVEL = "-Onone";
				VERSIONING_SYSTEM = "apple-generic";
				VERSION_INFO_PREFIX = "";
			};
			name = Debug;
		};
		A09418CC227073C800D2202E /* Release */ = {
			isa = XCBuildConfiguration;
			buildSettings = {
				ALWAYS_SEARCH_USER_PATHS = NO;
				CLANG_ANALYZER_NONNULL = YES;
				CLANG_ANALYZER_NUMBER_OBJECT_CONVERSION = YES_AGGRESSIVE;
				CLANG_CXX_LANGUAGE_STANDARD = "gnu++14";
				CLANG_CXX_LIBRARY = "libc++";
				CLANG_ENABLE_MODULES = YES;
				CLANG_ENABLE_OBJC_ARC = YES;
				CLANG_ENABLE_OBJC_WEAK = YES;
				CLANG_WARN_BLOCK_CAPTURE_AUTORELEASING = YES;
				CLANG_WARN_BOOL_CONVERSION = YES;
				CLANG_WARN_COMMA = YES;
				CLANG_WARN_CONSTANT_CONVERSION = YES;
				CLANG_WARN_DEPRECATED_OBJC_IMPLEMENTATIONS = YES;
				CLANG_WARN_DIRECT_OBJC_ISA_USAGE = YES_ERROR;
				CLANG_WARN_DOCUMENTATION_COMMENTS = YES;
				CLANG_WARN_EMPTY_BODY = YES;
				CLANG_WARN_ENUM_CONVERSION = YES;
				CLANG_WARN_INFINITE_RECURSION = YES;
				CLANG_WARN_INT_CONVERSION = YES;
				CLANG_WARN_NON_LITERAL_NULL_CONVERSION = YES;
				CLANG_WARN_OBJC_IMPLICIT_RETAIN_SELF = YES;
				CLANG_WARN_OBJC_LITERAL_CONVERSION = YES;
				CLANG_WARN_OBJC_ROOT_CLASS = YES_ERROR;
				CLANG_WARN_RANGE_LOOP_ANALYSIS = YES;
				CLANG_WARN_STRICT_PROTOTYPES = YES;
				CLANG_WARN_SUSPICIOUS_MOVE = YES;
				CLANG_WARN_UNGUARDED_AVAILABILITY = YES_AGGRESSIVE;
				CLANG_WARN_UNREACHABLE_CODE = YES;
				CLANG_WARN__DUPLICATE_METHOD_MATCH = YES;
				CODE_SIGN_IDENTITY = "iPhone Developer";
				COPY_PHASE_STRIP = NO;
				CURRENT_PROJECT_VERSION = 1;
				DEBUG_INFORMATION_FORMAT = "dwarf-with-dsym";
				ENABLE_NS_ASSERTIONS = NO;
				ENABLE_STRICT_OBJC_MSGSEND = YES;
				GCC_C_LANGUAGE_STANDARD = gnu11;
				GCC_NO_COMMON_BLOCKS = YES;
				GCC_WARN_64_TO_32_BIT_CONVERSION = YES;
				GCC_WARN_ABOUT_RETURN_TYPE = YES_ERROR;
				GCC_WARN_UNDECLARED_SELECTOR = YES;
				GCC_WARN_UNINITIALIZED_AUTOS = YES_AGGRESSIVE;
				GCC_WARN_UNUSED_FUNCTION = YES;
				GCC_WARN_UNUSED_VARIABLE = YES;
				IPHONEOS_DEPLOYMENT_TARGET = 12.2;
				MTL_ENABLE_DEBUG_INFO = NO;
				MTL_FAST_MATH = YES;
				SDKROOT = iphoneos;
				SWIFT_COMPILATION_MODE = wholemodule;
				SWIFT_OPTIMIZATION_LEVEL = "-O";
				VALIDATE_PRODUCT = YES;
				VERSIONING_SYSTEM = "apple-generic";
				VERSION_INFO_PREFIX = "";
			};
			name = Release;
		};
		A09418CE227073C800D2202E /* Debug */ = {
			isa = XCBuildConfiguration;
			buildSettings = {
				CLANG_ENABLE_MODULES = YES;
				CODE_SIGN_IDENTITY = "";
				CODE_SIGN_STYLE = Automatic;
				DEFINES_MODULE = YES;
				DEVELOPMENT_TEAM = PT2V6T6JDZ;
				DYLIB_COMPATIBILITY_VERSION = 1;
				DYLIB_CURRENT_VERSION = 1;
				DYLIB_INSTALL_NAME_BASE = "@rpath";
				INFOPLIST_FILE = Usabilla/Info.plist;
				INSTALL_PATH = "$(LOCAL_LIBRARY_DIR)/Frameworks";
				IPHONEOS_DEPLOYMENT_TARGET = 12.1;
				LD_RUNPATH_SEARCH_PATHS = (
					"$(inherited)",
					"@executable_path/Frameworks",
					"@loader_path/Frameworks",
				);
				PRODUCT_BUNDLE_IDENTIFIER = com.kutan.Usabilla;
				PRODUCT_NAME = "$(TARGET_NAME:c99extidentifier)";
				SKIP_INSTALL = YES;
				SWIFT_OPTIMIZATION_LEVEL = "-Onone";
				SWIFT_VERSION = 5.0;
				TARGETED_DEVICE_FAMILY = "1,2";
			};
			name = Debug;
		};
		A09418CF227073C800D2202E /* Release */ = {
			isa = XCBuildConfiguration;
			buildSettings = {
				CLANG_ENABLE_MODULES = YES;
				CODE_SIGN_IDENTITY = "";
				CODE_SIGN_STYLE = Automatic;
				DEFINES_MODULE = YES;
				DEVELOPMENT_TEAM = PT2V6T6JDZ;
				DYLIB_COMPATIBILITY_VERSION = 1;
				DYLIB_CURRENT_VERSION = 1;
				DYLIB_INSTALL_NAME_BASE = "@rpath";
				INFOPLIST_FILE = Usabilla/Info.plist;
				INSTALL_PATH = "$(LOCAL_LIBRARY_DIR)/Frameworks";
				IPHONEOS_DEPLOYMENT_TARGET = 12.1;
				LD_RUNPATH_SEARCH_PATHS = (
					"$(inherited)",
					"@executable_path/Frameworks",
					"@loader_path/Frameworks",
				);
				PRODUCT_BUNDLE_IDENTIFIER = com.kutan.Usabilla;
				PRODUCT_NAME = "$(TARGET_NAME:c99extidentifier)";
				SKIP_INSTALL = YES;
				SWIFT_VERSION = 5.0;
				TARGETED_DEVICE_FAMILY = "1,2";
			};
			name = Release;
		};
		A09418D1227073C800D2202E /* Debug */ = {
			isa = XCBuildConfiguration;
			buildSettings = {
				ALWAYS_EMBED_SWIFT_STANDARD_LIBRARIES = YES;
				CODE_SIGN_STYLE = Automatic;
				DEVELOPMENT_TEAM = PT2V6T6JDZ;
				INFOPLIST_FILE = UsabillaTests/Info.plist;
				LD_RUNPATH_SEARCH_PATHS = (
					"$(inherited)",
					"@executable_path/Frameworks",
					"@loader_path/Frameworks",
				);
				PRODUCT_BUNDLE_IDENTIFIER = com.kutan.UsabillaTests;
				PRODUCT_NAME = "$(TARGET_NAME)";
				SWIFT_VERSION = 5.0;
				TARGETED_DEVICE_FAMILY = "1,2";
			};
			name = Debug;
		};
		A09418D2227073C800D2202E /* Release */ = {
			isa = XCBuildConfiguration;
			buildSettings = {
				ALWAYS_EMBED_SWIFT_STANDARD_LIBRARIES = YES;
				CODE_SIGN_STYLE = Automatic;
				DEVELOPMENT_TEAM = PT2V6T6JDZ;
				INFOPLIST_FILE = UsabillaTests/Info.plist;
				LD_RUNPATH_SEARCH_PATHS = (
					"$(inherited)",
					"@executable_path/Frameworks",
					"@loader_path/Frameworks",
				);
				PRODUCT_BUNDLE_IDENTIFIER = com.kutan.UsabillaTests;
				PRODUCT_NAME = "$(TARGET_NAME)";
				SWIFT_VERSION = 5.0;
				TARGETED_DEVICE_FAMILY = "1,2";
			};
			name = Release;
		};
		A094191C2270747400D2202E /* Debug */ = {
			isa = XCBuildConfiguration;
			buildSettings = {
				ASSETCATALOG_COMPILER_APPICON_NAME = AppIcon;
				CODE_SIGN_STYLE = Automatic;
				DEVELOPMENT_TEAM = PT2V6T6JDZ;
				INFOPLIST_FILE = UsabillaExamples/Info.plist;
				IPHONEOS_DEPLOYMENT_TARGET = 12.1;
				LD_RUNPATH_SEARCH_PATHS = (
					"$(inherited)",
					"@executable_path/Frameworks",
				);
				PRODUCT_BUNDLE_IDENTIFIER = com.kutan.UsabillaExamples;
				PRODUCT_NAME = "$(TARGET_NAME)";
				SWIFT_VERSION = 5.0;
				TARGETED_DEVICE_FAMILY = "1,2";
			};
			name = Debug;
		};
		A094191D2270747400D2202E /* Release */ = {
			isa = XCBuildConfiguration;
			buildSettings = {
				ASSETCATALOG_COMPILER_APPICON_NAME = AppIcon;
				CODE_SIGN_STYLE = Automatic;
				DEVELOPMENT_TEAM = PT2V6T6JDZ;
				INFOPLIST_FILE = UsabillaExamples/Info.plist;
				IPHONEOS_DEPLOYMENT_TARGET = 12.1;
				LD_RUNPATH_SEARCH_PATHS = (
					"$(inherited)",
					"@executable_path/Frameworks",
				);
				PRODUCT_BUNDLE_IDENTIFIER = com.kutan.UsabillaExamples;
				PRODUCT_NAME = "$(TARGET_NAME)";
				SWIFT_VERSION = 5.0;
				TARGETED_DEVICE_FAMILY = "1,2";
			};
			name = Release;
		};
/* End XCBuildConfiguration section */

/* Begin XCConfigurationList section */
		A09418B3227073C800D2202E /* Build configuration list for PBXProject "Usabilla" */ = {
			isa = XCConfigurationList;
			buildConfigurations = (
				A09418CB227073C800D2202E /* Debug */,
				A09418CC227073C800D2202E /* Release */,
			);
			defaultConfigurationIsVisible = 0;
			defaultConfigurationName = Release;
		};
		A09418CD227073C800D2202E /* Build configuration list for PBXNativeTarget "Usabilla" */ = {
			isa = XCConfigurationList;
			buildConfigurations = (
				A09418CE227073C800D2202E /* Debug */,
				A09418CF227073C800D2202E /* Release */,
			);
			defaultConfigurationIsVisible = 0;
			defaultConfigurationName = Release;
		};
		A09418D0227073C800D2202E /* Build configuration list for PBXNativeTarget "UsabillaTests" */ = {
			isa = XCConfigurationList;
			buildConfigurations = (
				A09418D1227073C800D2202E /* Debug */,
				A09418D2227073C800D2202E /* Release */,
			);
			defaultConfigurationIsVisible = 0;
			defaultConfigurationName = Release;
		};
		A094191B2270747400D2202E /* Build configuration list for PBXNativeTarget "UsabillaExamples" */ = {
			isa = XCConfigurationList;
			buildConfigurations = (
				A094191C2270747400D2202E /* Debug */,
				A094191D2270747400D2202E /* Release */,
			);
			defaultConfigurationIsVisible = 0;
			defaultConfigurationName = Release;
		};
/* End XCConfigurationList section */
	};
	rootObject = A09418B0227073C800D2202E /* Project object */;
}
